
Microsoft Visual Studio Solution File, Format Version 12.00
# Visual Studio Version 17
VisualStudioVersion = 17.9.34728.123
MinimumVisualStudioVersion = 10.0.40219.1
Project("{FAE04EC0-301F-11D3-BF4B-00C04F79EFBC}") = "EventhubProducer", "EventhubProducer\EventhubProducer.csproj", "{B673B57C-3324-49C0-8C0D-8DC1E5D99A33}"
EndProject
Global
	GlobalSection(SolutionConfigurationPlatforms) = preSolution
		Debug|Any CPU = Debug|Any CPU
		Release|Any CPU = Release|Any CPU
	EndGlobalSection
	GlobalSection(ProjectConfigurationPlatforms) = postSolution
		{B673B57C-3324-49C0-8C0D-8DC1E5D99A33}.Debug|Any CPU.ActiveCfg = Debug|Any CPU
		{B673B57C-3324-49C0-8C0D-8DC1E5D99A33}.Debug|Any CPU.Build.0 = Debug|Any CPU
		{B673B57C-3324-49C0-8C0D-8DC1E5D99A33}.Release|Any CPU.ActiveCfg = Release|Any CPU
		{B673B57C-3324-49C0-8C0D-8DC1E5D99A33}.Release|Any CPU.Build.0 = Release|Any CPU
	EndGlobalSection
	GlobalSection(SolutionProperties) = preSolution
		HideSolutionNode = FALSE
	EndGlobalSection
	GlobalSection(ExtensibilityGlobals) = postSolution
		SolutionGuid = {BC43E083-407D-4D6D-96B5-ED058B00B227}
	EndGlobalSection
EndGlobal
